
Microsoft Visual Studio Solution File, Format Version 12.00
# Visual Studio 15
VisualStudioVersion = 15.0.28307.1321
MinimumVisualStudioVersion = 10.0.40219.1
Project("{FAE04EC0-301F-11D3-BF4B-00C04F79EFBC}") = "Kutuphane", "Kutuphane\Kutuphane.csproj", "{CCE93586-C771-4EE6-AD88-F2429037F4CE}"
EndProject
Project("{FAE04EC0-301F-11D3-BF4B-00C04F79EFBC}") = "ENTITYLAYER", "ENTITYLAYER\ENTITYLAYER.csproj", "{0A2888A4-B9FF-428E-B96B-880A40752284}"
EndProject
Project("{FAE04EC0-301F-11D3-BF4B-00C04F79EFBC}") = "BLL", "BLL\BLL.csproj", "{BA28484D-CBA7-4DC8-BF3F-0CC82E680ADD}"
EndProject
Project("{FAE04EC0-301F-11D3-BF4B-00C04F79EFBC}") = "DAL", "DAL\DAL.csproj", "{E07179B4-E64D-4D04-A03A-430766E86DAA}"
EndProject
Project("{ACA99D24-2A4B-4C16-9E92-13D6ABC4AC35}") = "Kütüphanem", "Kütüphanem\Kütüphanem.isproj", "{90AE28FB-C912-43B9-A96C-60A320BEFE54}"
EndProject
Global
	GlobalSection(SolutionConfigurationPlatforms) = preSolution
		CD_ROM|Any CPU = CD_ROM|Any CPU
		Custom|Any CPU = Custom|Any CPU
		Debug|Any CPU = Debug|Any CPU
		DVD-10|Any CPU = DVD-10|Any CPU
		DVD-18|Any CPU = DVD-18|Any CPU
		DVD-5|Any CPU = DVD-5|Any CPU
		DVD-9|Any CPU = DVD-9|Any CPU
		Release|Any CPU = Release|Any CPU
		SingleImage|Any CPU = SingleImage|Any CPU
		WebDeployment|Any CPU = WebDeployment|Any CPU
	EndGlobalSection
	GlobalSection(ProjectConfigurationPlatforms) = postSolution
		{CCE93586-C771-4EE6-AD88-F2429037F4CE}.CD_ROM|Any CPU.ActiveCfg = Release|Any CPU
		{CCE93586-C771-4EE6-AD88-F2429037F4CE}.CD_ROM|Any CPU.Build.0 = Release|Any CPU
		{CCE93586-C771-4EE6-AD88-F2429037F4CE}.Custom|Any CPU.ActiveCfg = Release|Any CPU
		{CCE93586-C771-4EE6-AD88-F2429037F4CE}.Custom|Any CPU.Build.0 = Release|Any CPU
		{CCE93586-C771-4EE6-AD88-F2429037F4CE}.Debug|Any CPU.ActiveCfg = Debug|Any CPU
		{CCE93586-C771-4EE6-AD88-F2429037F4CE}.Debug|Any CPU.Build.0 = Debug|Any CPU
		{CCE93586-C771-4EE6-AD88-F2429037F4CE}.DVD-10|Any CPU.ActiveCfg = Debug|Any CPU
		{CCE93586-C771-4EE6-AD88-F2429037F4CE}.DVD-10|Any CPU.Build.0 = Debug|Any CPU
		{CCE93586-C771-4EE6-AD88-F2429037F4CE}.DVD-18|Any CPU.ActiveCfg = Debug|Any CPU
		{CCE93586-C771-4EE6-AD88-F2429037F4CE}.DVD-18|Any CPU.Build.0 = Debug|Any CPU
		{CCE93586-C771-4EE6-AD88-F2429037F4CE}.DVD-5|Any CPU.ActiveCfg = Debug|Any CPU
		{CCE93586-C771-4EE6-AD88-F2429037F4CE}.DVD-5|Any CPU.Build.0 = Debug|Any CPU
		{CCE93586-C771-4EE6-AD88-F2429037F4CE}.DVD-9|Any CPU.ActiveCfg = Debug|Any CPU
		{CCE93586-C771-4EE6-AD88-F2429037F4CE}.DVD-9|Any CPU.Build.0 = Debug|Any CPU
		{CCE93586-C771-4EE6-AD88-F2429037F4CE}.Release|Any CPU.ActiveCfg = Release|Any CPU
		{CCE93586-C771-4EE6-AD88-F2429037F4CE}.Release|Any CPU.Build.0 = Release|Any CPU
		{CCE93586-C771-4EE6-AD88-F2429037F4CE}.SingleImage|Any CPU.ActiveCfg = Release|Any CPU
		{CCE93586-C771-4EE6-AD88-F2429037F4CE}.SingleImage|Any CPU.Build.0 = Release|Any CPU
		{CCE93586-C771-4EE6-AD88-F2429037F4CE}.WebDeployment|Any CPU.ActiveCfg = Release|Any CPU
		{CCE93586-C771-4EE6-AD88-F2429037F4CE}.WebDeployment|Any CPU.Build.0 = Release|Any CPU
		{0A2888A4-B9FF-428E-B96B-880A40752284}.CD_ROM|Any CPU.ActiveCfg = Release|Any CPU
		{0A2888A4-B9FF-428E-B96B-880A40752284}.CD_ROM|Any CPU.Build.0 = Release|Any CPU
		{0A2888A4-B9FF-428E-B96B-880A40752284}.Custom|Any CPU.ActiveCfg = Release|Any CPU
		{0A2888A4-B9FF-428E-B96B-880A40752284}.Custom|Any CPU.Build.0 = Release|Any CPU
		{0A2888A4-B9FF-428E-B96B-880A40752284}.Debug|Any CPU.ActiveCfg = Debug|Any CPU
		{0A2888A4-B9FF-428E-B96B-880A40752284}.Debug|Any CPU.Build.0 = Debug|Any CPU
		{0A2888A4-B9FF-428E-B96B-880A40752284}.DVD-10|Any CPU.ActiveCfg = Debug|Any CPU
		{0A2888A4-B9FF-428E-B96B-880A40752284}.DVD-10|Any CPU.Build.0 = Debug|Any CPU
		{0A2888A4-B9FF-428E-B96B-880A40752284}.DVD-18|Any CPU.ActiveCfg = Debug|Any CPU
		{0A2888A4-B9FF-428E-B96B-880A40752284}.DVD-18|Any CPU.Build.0 = Debug|Any CPU
		{0A2888A4-B9FF-428E-B96B-880A40752284}.DVD-5|Any CPU.ActiveCfg = Debug|Any CPU
		{0A2888A4-B9FF-428E-B96B-880A40752284}.DVD-5|Any CPU.Build.0 = Debug|Any CPU
		{0A2888A4-B9FF-428E-B96B-880A40752284}.DVD-9|Any CPU.ActiveCfg = Debug|Any CPU
		{0A2888A4-B9FF-428E-B96B-880A40752284}.DVD-9|Any CPU.Build.0 = Debug|Any CPU
		{0A2888A4-B9FF-428E-B96B-880A40752284}.Release|Any CPU.ActiveCfg = Release|Any CPU
		{0A2888A4-B9FF-428E-B96B-880A40752284}.Release|Any CPU.Build.0 = Release|Any CPU
		{0A2888A4-B9FF-428E-B96B-880A40752284}.SingleImage|Any CPU.ActiveCfg = Release|Any CPU
		{0A2888A4-B9FF-428E-B96B-880A40752284}.SingleImage|Any CPU.Build.0 = Release|Any CPU
		{0A2888A4-B9FF-428E-B96B-880A40752284}.WebDeployment|Any CPU.ActiveCfg = Release|Any CPU
		{0A2888A4-B9FF-428E-B96B-880A40752284}.WebDeployment|Any CPU.Build.0 = Release|Any CPU
		{BA28484D-CBA7-4DC8-BF3F-0CC82E680ADD}.CD_ROM|Any CPU.ActiveCfg = Release|Any CPU
		{BA28484D-CBA7-4DC8-BF3F-0CC82E680ADD}.CD_ROM|Any CPU.Build.0 = Release|Any CPU
		{BA28484D-CBA7-4DC8-BF3F-0CC82E680ADD}.Custom|Any CPU.ActiveCfg = Release|Any CPU
		{BA28484D-CBA7-4DC8-BF3F-0CC82E680ADD}.Custom|Any CPU.Build.0 = Release|Any CPU
		{BA28484D-CBA7-4DC8-BF3F-0CC82E680ADD}.Debug|Any CPU.ActiveCfg = Debug|Any CPU
		{BA28484D-CBA7-4DC8-BF3F-0CC82E680ADD}.Debug|Any CPU.Build.0 = Debug|Any CPU
		{BA28484D-CBA7-4DC8-BF3F-0CC82E680ADD}.DVD-10|Any CPU.ActiveCfg = Debug|Any CPU
		{BA28484D-CBA7-4DC8-BF3F-0CC82E680ADD}.DVD-10|Any CPU.Build.0 = Debug|Any CPU
		{BA28484D-CBA7-4DC8-BF3F-0CC82E680ADD}.DVD-18|Any CPU.ActiveCfg = Debug|Any CPU
		{BA28484D-CBA7-4DC8-BF3F-0CC82E680ADD}.DVD-18|Any CPU.Build.0 = Debug|Any CPU
		{BA28484D-CBA7-4DC8-BF3F-0CC82E680ADD}.DVD-5|Any CPU.ActiveCfg = Debug|Any CPU
		{BA28484D-CBA7-4DC8-BF3F-0CC82E680ADD}.DVD-5|Any CPU.Build.0 = Debug|Any CPU
		{BA28484D-CBA7-4DC8-BF3F-0CC82E680ADD}.DVD-9|Any CPU.ActiveCfg = Debug|Any CPU
		{BA28484D-CBA7-4DC8-BF3F-0CC82E680ADD}.DVD-9|Any CPU.Build.0 = Debug|Any CPU
		{BA28484D-CBA7-4DC8-BF3F-0CC82E680ADD}.Release|Any CPU.ActiveCfg = Release|Any CPU
		{BA28484D-CBA7-4DC8-BF3F-0CC82E680ADD}.Release|Any CPU.Build.0 = Release|Any CPU
		{BA28484D-CBA7-4DC8-BF3F-0CC82E680ADD}.SingleImage|Any CPU.ActiveCfg = Release|Any CPU
		{BA28484D-CBA7-4DC8-BF3F-0CC82E680ADD}.SingleImage|Any CPU.Build.0 = Release|Any CPU
		{BA28484D-CBA7-4DC8-BF3F-0CC82E680ADD}.WebDeployment|Any CPU.ActiveCfg = Release|Any CPU
		{BA28484D-CBA7-4DC8-BF3F-0CC82E680ADD}.WebDeployment|Any CPU.Build.0 = Release|Any CPU
		{E07179B4-E64D-4D04-A03A-430766E86DAA}.CD_ROM|Any CPU.ActiveCfg = Release|Any CPU
		{E07179B4-E64D-4D04-A03A-430766E86DAA}.CD_ROM|Any CPU.Build.0 = Release|Any CPU
		{E07179B4-E64D-4D04-A03A-430766E86DAA}.Custom|Any CPU.ActiveCfg = Release|Any CPU
		{E07179B4-E64D-4D04-A03A-430766E86DAA}.Custom|Any CPU.Build.0 = Release|Any CPU
		{E07179B4-E64D-4D04-A03A-430766E86DAA}.Debug|Any CPU.ActiveCfg = Debug|Any CPU
		{E07179B4-E64D-4D04-A03A-430766E86DAA}.Debug|Any CPU.Build.0 = Debug|Any CPU
		{E07179B4-E64D-4D04-A03A-430766E86DAA}.DVD-10|Any CPU.ActiveCfg = Debug|Any CPU
		{E07179B4-E64D-4D04-A03A-430766E86DAA}.DVD-10|Any CPU.Build.0 = Debug|Any CPU
		{E07179B4-E64D-4D04-A03A-430766E86DAA}.DVD-18|Any CPU.ActiveCfg = Debug|Any CPU
		{E07179B4-E64D-4D04-A03A-430766E86DAA}.DVD-18|Any CPU.Build.0 = Debug|Any CPU
		{E07179B4-E64D-4D04-A03A-430766E86DAA}.DVD-5|Any CPU.ActiveCfg = Debug|Any CPU
		{E07179B4-E64D-4D04-A03A-430766E86DAA}.DVD-5|Any CPU.Build.0 = Debug|Any CPU
		{E07179B4-E64D-4D04-A03A-430766E86DAA}.DVD-9|Any CPU.ActiveCfg = Debug|Any CPU
		{E07179B4-E64D-4D04-A03A-430766E86DAA}.DVD-9|Any CPU.Build.0 = Debug|Any CPU
		{E07179B4-E64D-4D04-A03A-430766E86DAA}.Release|Any CPU.ActiveCfg = Release|Any CPU
		{E07179B4-E64D-4D04-A03A-430766E86DAA}.Release|Any CPU.Build.0 = Release|Any CPU
		{E07179B4-E64D-4D04-A03A-430766E86DAA}.SingleImage|Any CPU.ActiveCfg = Release|Any CPU
		{E07179B4-E64D-4D04-A03A-430766E86DAA}.SingleImage|Any CPU.Build.0 = Release|Any CPU
		{E07179B4-E64D-4D04-A03A-430766E86DAA}.WebDeployment|Any CPU.ActiveCfg = Release|Any CPU
		{E07179B4-E64D-4D04-A03A-430766E86DAA}.WebDeployment|Any CPU.Build.0 = Release|Any CPU
		{90AE28FB-C912-43B9-A96C-60A320BEFE54}.CD_ROM|Any CPU.ActiveCfg = CD_ROM
		{90AE28FB-C912-43B9-A96C-60A320BEFE54}.CD_ROM|Any CPU.Build.0 = CD_ROM
		{90AE28FB-C912-43B9-A96C-60A320BEFE54}.Custom|Any CPU.ActiveCfg = Custom
		{90AE28FB-C912-43B9-A96C-60A320BEFE54}.Custom|Any CPU.Build.0 = Custom
		{90AE28FB-C912-43B9-A96C-60A320BEFE54}.Debug|Any CPU.ActiveCfg = DVD-9
		{90AE28FB-C912-43B9-A96C-60A320BEFE54}.Debug|Any CPU.Build.0 = DVD-9
		{90AE28FB-C912-43B9-A96C-60A320BEFE54}.DVD-10|Any CPU.ActiveCfg = DVD-10
		{90AE28FB-C912-43B9-A96C-60A320BEFE54}.DVD-10|Any CPU.Build.0 = DVD-10
		{90AE28FB-C912-43B9-A96C-60A320BEFE54}.DVD-18|Any CPU.ActiveCfg = DVD-18
		{90AE28FB-C912-43B9-A96C-60A320BEFE54}.DVD-18|Any CPU.Build.0 = DVD-18
		{90AE28FB-C912-43B9-A96C-60A320BEFE54}.DVD-5|Any CPU.ActiveCfg = DVD-5
		{90AE28FB-C912-43B9-A96C-60A320BEFE54}.DVD-5|Any CPU.Build.0 = DVD-5
		{90AE28FB-C912-43B9-A96C-60A320BEFE54}.DVD-9|Any CPU.ActiveCfg = DVD-9
		{90AE28FB-C912-43B9-A96C-60A320BEFE54}.DVD-9|Any CPU.Build.0 = DVD-9
		{90AE28FB-C912-43B9-A96C-60A320BEFE54}.Release|Any CPU.ActiveCfg = WebDeployment
		{90AE28FB-C912-43B9-A96C-60A320BEFE54}.Release|Any CPU.Build.0 = WebDeployment
		{90AE28FB-C912-43B9-A96C-60A320BEFE54}.SingleImage|Any CPU.ActiveCfg = SingleImage
		{90AE28FB-C912-43B9-A96C-60A320BEFE54}.SingleImage|Any CPU.Build.0 = SingleImage
		{90AE28FB-C912-43B9-A96C-60A320BEFE54}.WebDeployment|Any CPU.ActiveCfg = WebDeployment
		{90AE28FB-C912-43B9-A96C-60A320BEFE54}.WebDeployment|Any CPU.Build.0 = WebDeployment
	EndGlobalSection
	GlobalSection(SolutionProperties) = preSolution
		HideSolutionNode = FALSE
	EndGlobalSection
	GlobalSection(ExtensibilityGlobals) = postSolution
		SolutionGuid = {E7E21A4F-BEBF-42CB-B37D-8073169EE7BC}
	EndGlobalSection
EndGlobal
